
Microsoft Visual Studio Solution File, Format Version 12.00
# Visual Studio Version 16
VisualStudioVersion = 16.0.29503.13
MinimumVisualStudioVersion = 15.0.26124.0
Project("{9A19103F-16F7-4668-BE54-9A1E7A4F7556}") = "Core", "src\core\Core.csproj", "{6C1F6B39-7807-4F6D-B138-1E95C80E2F3C}"
EndProject
Project("{9A19103F-16F7-4668-BE54-9A1E7A4F7556}") = "Infrastructure", "src\Infrastructure\Infrastructure.csproj", "{36FE9BA7-A45F-4083-B5B2-80C41C51BA97}"
EndProject
Project("{9A19103F-16F7-4668-BE54-9A1E7A4F7556}") = "Web", "src\Web\Web.csproj", "{BF7B5585-E086-4CCA-809E-E3C0D4B1E08C}"
EndProject
Project("{FAE04EC0-301F-11D3-BF4B-00C04F79EFBC}") = "tests", "tests\tests.csproj", "{6EC0C74A-EA53-4825-8687-37D541BB38FD}"
EndProject
Global
	GlobalSection(SolutionConfigurationPlatforms) = preSolution
		Debug|Any CPU = Debug|Any CPU
		Debug|x64 = Debug|x64
		Debug|x86 = Debug|x86
		Release|Any CPU = Release|Any CPU
		Release|x64 = Release|x64
		Release|x86 = Release|x86
	EndGlobalSection
	GlobalSection(ProjectConfigurationPlatforms) = postSolution
		{6C1F6B39-7807-4F6D-B138-1E95C80E2F3C}.Debug|Any CPU.ActiveCfg = Debug|Any CPU
		{6C1F6B39-7807-4F6D-B138-1E95C80E2F3C}.Debug|Any CPU.Build.0 = Debug|Any CPU
		{6C1F6B39-7807-4F6D-B138-1E95C80E2F3C}.Debug|x64.ActiveCfg = Debug|Any CPU
		{6C1F6B39-7807-4F6D-B138-1E95C80E2F3C}.Debug|x64.Build.0 = Debug|Any CPU
		{6C1F6B39-7807-4F6D-B138-1E95C80E2F3C}.Debug|x86.ActiveCfg = Debug|Any CPU
		{6C1F6B39-7807-4F6D-B138-1E95C80E2F3C}.Debug|x86.Build.0 = Debug|Any CPU
		{6C1F6B39-7807-4F6D-B138-1E95C80E2F3C}.Release|Any CPU.ActiveCfg = Release|Any CPU
		{6C1F6B39-7807-4F6D-B138-1E95C80E2F3C}.Release|Any CPU.Build.0 = Release|Any CPU
		{6C1F6B39-7807-4F6D-B138-1E95C80E2F3C}.Release|x64.ActiveCfg = Release|Any CPU
		{6C1F6B39-7807-4F6D-B138-1E95C80E2F3C}.Release|x64.Build.0 = Release|Any CPU
		{6C1F6B39-7807-4F6D-B138-1E95C80E2F3C}.Release|x86.ActiveCfg = Release|Any CPU
		{6C1F6B39-7807-4F6D-B138-1E95C80E2F3C}.Release|x86.Build.0 = Release|Any CPU
		{36FE9BA7-A45F-4083-B5B2-80C41C51BA97}.Debug|Any CPU.ActiveCfg = Debug|Any CPU
		{36FE9BA7-A45F-4083-B5B2-80C41C51BA97}.Debug|Any CPU.Build.0 = Debug|Any CPU
		{36FE9BA7-A45F-4083-B5B2-80C41C51BA97}.Debug|x64.ActiveCfg = Debug|Any CPU
		{36FE9BA7-A45F-4083-B5B2-80C41C51BA97}.Debug|x64.Build.0 = Debug|Any CPU
		{36FE9BA7-A45F-4083-B5B2-80C41C51BA97}.Debug|x86.ActiveCfg = Debug|Any CPU
		{36FE9BA7-A45F-4083-B5B2-80C41C51BA97}.Debug|x86.Build.0 = Debug|Any CPU
		{36FE9BA7-A45F-4083-B5B2-80C41C51BA97}.Release|Any CPU.ActiveCfg = Release|Any CPU
		{36FE9BA7-A45F-4083-B5B2-80C41C51BA97}.Release|Any CPU.Build.0 = Release|Any CPU
		{36FE9BA7-A45F-4083-B5B2-80C41C51BA97}.Release|x64.ActiveCfg = Release|Any CPU
		{36FE9BA7-A45F-4083-B5B2-80C41C51BA97}.Release|x64.Build.0 = Release|Any CPU
		{36FE9BA7-A45F-4083-B5B2-80C41C51BA97}.Release|x86.ActiveCfg = Release|Any CPU
		{36FE9BA7-A45F-4083-B5B2-80C41C51BA97}.Release|x86.Build.0 = Release|Any CPU
		{BF7B5585-E086-4CCA-809E-E3C0D4B1E08C}.Debug|Any CPU.ActiveCfg = Debug|Any CPU
		{BF7B5585-E086-4CCA-809E-E3C0D4B1E08C}.Debug|Any CPU.Build.0 = Debug|Any CPU
		{BF7B5585-E086-4CCA-809E-E3C0D4B1E08C}.Debug|x64.ActiveCfg = Debug|Any CPU
		{BF7B5585-E086-4CCA-809E-E3C0D4B1E08C}.Debug|x64.Build.0 = Debug|Any CPU
		{BF7B5585-E086-4CCA-809E-E3C0D4B1E08C}.Debug|x86.ActiveCfg = Debug|Any CPU
		{BF7B5585-E086-4CCA-809E-E3C0D4B1E08C}.Debug|x86.Build.0 = Debug|Any CPU
		{BF7B5585-E086-4CCA-809E-E3C0D4B1E08C}.Release|Any CPU.ActiveCfg = Release|Any CPU
		{BF7B5585-E086-4CCA-809E-E3C0D4B1E08C}.Release|Any CPU.Build.0 = Release|Any CPU
		{BF7B5585-E086-4CCA-809E-E3C0D4B1E08C}.Release|x64.ActiveCfg = Release|Any CPU
		{BF7B5585-E086-4CCA-809E-E3C0D4B1E08C}.Release|x64.Build.0 = Release|Any CPU
		{BF7B5585-E086-4CCA-809E-E3C0D4B1E08C}.Release|x86.ActiveCfg = Release|Any CPU
		{BF7B5585-E086-4CCA-809E-E3C0D4B1E08C}.Release|x86.Build.0 = Release|Any CPU
		{6EC0C74A-EA53-4825-8687-37D541BB38FD}.Debug|Any CPU.ActiveCfg = Debug|Any CPU
		{6EC0C74A-EA53-4825-8687-37D541BB38FD}.Debug|Any CPU.Build.0 = Debug|Any CPU
		{6EC0C74A-EA53-4825-8687-37D541BB38FD}.Debug|x64.ActiveCfg = Debug|Any CPU
		{6EC0C74A-EA53-4825-8687-37D541BB38FD}.Debug|x64.Build.0 = Debug|Any CPU
		{6EC0C74A-EA53-4825-8687-37D541BB38FD}.Debug|x86.ActiveCfg = Debug|Any CPU
		{6EC0C74A-EA53-4825-8687-37D541BB38FD}.Debug|x86.Build.0 = Debug|Any CPU
		{6EC0C74A-EA53-4825-8687-37D541BB38FD}.Release|Any CPU.ActiveCfg = Release|Any CPU
		{6EC0C74A-EA53-4825-8687-37D541BB38FD}.Release|Any CPU.Build.0 = Release|Any CPU
		{6EC0C74A-EA53-4825-8687-37D541BB38FD}.Release|x64.ActiveCfg = Release|Any CPU
		{6EC0C74A-EA53-4825-8687-37D541BB38FD}.Release|x64.Build.0 = Release|Any CPU
		{6EC0C74A-EA53-4825-8687-37D541BB38FD}.Release|x86.ActiveCfg = Release|Any CPU
		{6EC0C74A-EA53-4825-8687-37D541BB38FD}.Release|x86.Build.0 = Release|Any CPU
	EndGlobalSection
	GlobalSection(SolutionProperties) = preSolution
		HideSolutionNode = FALSE
	EndGlobalSection
	GlobalSection(NestedProjects) = preSolution
	EndGlobalSection
	GlobalSection(ExtensibilityGlobals) = postSolution
		SolutionGuid = {129714CD-B6A4-4039-BE39-A9673759C823}
	EndGlobalSection
EndGlobal
